// !$*UTF8*$!
{
	archiveVersion = 1;
	classes = {
	};
	objectVersion = 46;
	objects = {

/* Begin PBXBuildFile section */
		20660F5FC4460E9D4E471B58 /* Pods_RgaContactsApp.framework in Frameworks */ = {isa = PBXBuildFile; fileRef = 9F2E5C587BAEBB1456C14205 /* Pods_RgaContactsApp.framework */; };
		9C5024BC1E3D862F00D338A1 /* ContactsTableViewController.swift in Sources */ = {isa = PBXBuildFile; fileRef = 9C5024BB1E3D862F00D338A1 /* ContactsTableViewController.swift */; };
		9C5024BE1E3D864400D338A1 /* ContactTableViewCell.swift in Sources */ = {isa = PBXBuildFile; fileRef = 9C5024BD1E3D864400D338A1 /* ContactTableViewCell.swift */; };
		9C5024C21E3D868300D338A1 /* ContactTableViewCell.xib in Resources */ = {isa = PBXBuildFile; fileRef = 9C5024C11E3D868300D338A1 /* ContactTableViewCell.xib */; };
		9C5024C41E3D8AC900D338A1 /* UITableView+Diff.swift in Sources */ = {isa = PBXBuildFile; fileRef = 9C5024C31E3D8AC900D338A1 /* UITableView+Diff.swift */; };
		9C5024C61E3D8B6300D338A1 /* AppRouter.swift in Sources */ = {isa = PBXBuildFile; fileRef = 9C5024C51E3D8B6300D338A1 /* AppRouter.swift */; };
		9C5024C81E3D93EB00D338A1 /* Appearance.swift in Sources */ = {isa = PBXBuildFile; fileRef = 9C5024C71E3D93EB00D338A1 /* Appearance.swift */; };
		9CFB23E51E3C3E720033EC43 /* AppDelegate.swift in Sources */ = {isa = PBXBuildFile; fileRef = 9CFB23E41E3C3E720033EC43 /* AppDelegate.swift */; };
		9CFB23EC1E3C3E720033EC43 /* Assets.xcassets in Resources */ = {isa = PBXBuildFile; fileRef = 9CFB23EB1E3C3E720033EC43 /* Assets.xcassets */; };
		9CFB23EF1E3C3E720033EC43 /* LaunchScreen.storyboard in Resources */ = {isa = PBXBuildFile; fileRef = 9CFB23ED1E3C3E720033EC43 /* LaunchScreen.storyboard */; };
		9CFB24061E3C45790033EC43 /* Adapter.swift in Sources */ = {isa = PBXBuildFile; fileRef = 9CFB24051E3C45790033EC43 /* Adapter.swift */; };
		9CFB24081E3C45B50033EC43 /* Result.swift in Sources */ = {isa = PBXBuildFile; fileRef = 9CFB24071E3C45B50033EC43 /* Result.swift */; };
		9CFB240A1E3C46000033EC43 /* RealmObserver.swift in Sources */ = {isa = PBXBuildFile; fileRef = 9CFB24091E3C46000033EC43 /* RealmObserver.swift */; };
		9CFB240C1E3C462E0033EC43 /* RxRealm.swift in Sources */ = {isa = PBXBuildFile; fileRef = 9CFB240B1E3C462E0033EC43 /* RxRealm.swift */; };
		9CFB240E1E3C46890033EC43 /* MaterialView.swift in Sources */ = {isa = PBXBuildFile; fileRef = 9CFB240D1E3C46890033EC43 /* MaterialView.swift */; };
		9CFB24101E3C46C00033EC43 /* ContactApi.swift in Sources */ = {isa = PBXBuildFile; fileRef = 9CFB240F1E3C46C00033EC43 /* ContactApi.swift */; };
		9CFB24121E3C47240033EC43 /* ContactApiErrorHandler.swift in Sources */ = {isa = PBXBuildFile; fileRef = 9CFB24111E3C47240033EC43 /* ContactApiErrorHandler.swift */; };
		9CFB24141E3C479F0033EC43 /* SearchContactAdapter.swift in Sources */ = {isa = PBXBuildFile; fileRef = 9CFB24131E3C479F0033EC43 /* SearchContactAdapter.swift */; };
		9CFB24161E3C48200033EC43 /* Contact.swift in Sources */ = {isa = PBXBuildFile; fileRef = 9CFB24151E3C48200033EC43 /* Contact.swift */; };
		9CFB24181E3C48C20033EC43 /* ContactAdapter.swift in Sources */ = {isa = PBXBuildFile; fileRef = 9CFB24171E3C48C20033EC43 /* ContactAdapter.swift */; };
		9CFB241C1E3C4CC70033EC43 /* RealmContact.swift in Sources */ = {isa = PBXBuildFile; fileRef = 9CFB241B1E3C4CC70033EC43 /* RealmContact.swift */; };
		9CFB241E1E3C4DC50033EC43 /* StorageController.swift in Sources */ = {isa = PBXBuildFile; fileRef = 9CFB241D1E3C4DC50033EC43 /* StorageController.swift */; };
		9CFB24201E3C4EA70033EC43 /* Storage.swift in Sources */ = {isa = PBXBuildFile; fileRef = 9CFB241F1E3C4EA70033EC43 /* Storage.swift */; };
		9CFB24221E3C4EDF0033EC43 /* ApiClient.swift in Sources */ = {isa = PBXBuildFile; fileRef = 9CFB24211E3C4EDF0033EC43 /* ApiClient.swift */; };
		9CFB24241E3C4F2D0033EC43 /* ContactClient.swift in Sources */ = {isa = PBXBuildFile; fileRef = 9CFB24231E3C4F2D0033EC43 /* ContactClient.swift */; };
		9CFB24261E3C4F990033EC43 /* DataProvider.swift in Sources */ = {isa = PBXBuildFile; fileRef = 9CFB24251E3C4F990033EC43 /* DataProvider.swift */; };
		9CFB24281E3C508D0033EC43 /* ContactViewModel.swift in Sources */ = {isa = PBXBuildFile; fileRef = 9CFB24271E3C508D0033EC43 /* ContactViewModel.swift */; };
		9CFB242A1E3C52C90033EC43 /* SearchResults.swift in Sources */ = {isa = PBXBuildFile; fileRef = 9CFB24291E3C52C90033EC43 /* SearchResults.swift */; };
/* End PBXBuildFile section */

/* Begin PBXFileReference section */
		3303DE18A93F736FC2813040 /* Pods-RgaContactsApp.release.xcconfig */ = {isa = PBXFileReference; includeInIndex = 1; lastKnownFileType = text.xcconfig; name = "Pods-RgaContactsApp.release.xcconfig"; path = "Pods/Target Support Files/Pods-RgaContactsApp/Pods-RgaContactsApp.release.xcconfig"; sourceTree = "<group>"; };
		4601AA237216881C45D8DE0D /* Pods-RgaContactsApp.debug.xcconfig */ = {isa = PBXFileReference; includeInIndex = 1; lastKnownFileType = text.xcconfig; name = "Pods-RgaContactsApp.debug.xcconfig"; path = "Pods/Target Support Files/Pods-RgaContactsApp/Pods-RgaContactsApp.debug.xcconfig"; sourceTree = "<group>"; };
		9C5024BB1E3D862F00D338A1 /* ContactsTableViewController.swift */ = {isa = PBXFileReference; fileEncoding = 4; lastKnownFileType = sourcecode.swift; path = ContactsTableViewController.swift; sourceTree = "<group>"; };
		9C5024BD1E3D864400D338A1 /* ContactTableViewCell.swift */ = {isa = PBXFileReference; fileEncoding = 4; lastKnownFileType = sourcecode.swift; path = ContactTableViewCell.swift; sourceTree = "<group>"; };
		9C5024C11E3D868300D338A1 /* ContactTableViewCell.xib */ = {isa = PBXFileReference; fileEncoding = 4; lastKnownFileType = file.xib; path = ContactTableViewCell.xib; sourceTree = "<group>"; };
		9C5024C31E3D8AC900D338A1 /* UITableView+Diff.swift */ = {isa = PBXFileReference; fileEncoding = 4; lastKnownFileType = sourcecode.swift; path = "UITableView+Diff.swift"; sourceTree = "<group>"; };
		9C5024C51E3D8B6300D338A1 /* AppRouter.swift */ = {isa = PBXFileReference; fileEncoding = 4; lastKnownFileType = sourcecode.swift; path = AppRouter.swift; sourceTree = "<group>"; };
		9C5024C71E3D93EB00D338A1 /* Appearance.swift */ = {isa = PBXFileReference; fileEncoding = 4; lastKnownFileType = sourcecode.swift; path = Appearance.swift; sourceTree = "<group>"; };
		9CFB23E11E3C3E720033EC43 /* RgaContactsApp.app */ = {isa = PBXFileReference; explicitFileType = wrapper.application; includeInIndex = 0; path = RgaContactsApp.app; sourceTree = BUILT_PRODUCTS_DIR; };
		9CFB23E41E3C3E720033EC43 /* AppDelegate.swift */ = {isa = PBXFileReference; lastKnownFileType = sourcecode.swift; name = AppDelegate.swift; path = ../AppDelegate.swift; sourceTree = "<group>"; };
		9CFB23EB1E3C3E720033EC43 /* Assets.xcassets */ = {isa = PBXFileReference; lastKnownFileType = folder.assetcatalog; name = Assets.xcassets; path = ../Assets.xcassets; sourceTree = "<group>"; };
		9CFB23EE1E3C3E720033EC43 /* Base */ = {isa = PBXFileReference; lastKnownFileType = file.storyboard; name = Base; path = Base.lproj/LaunchScreen.storyboard; sourceTree = "<group>"; };
		9CFB23F01E3C3E720033EC43 /* Info.plist */ = {isa = PBXFileReference; lastKnownFileType = text.plist.xml; name = Info.plist; path = ../Info.plist; sourceTree = "<group>"; };
		9CFB24051E3C45790033EC43 /* Adapter.swift */ = {isa = PBXFileReference; fileEncoding = 4; lastKnownFileType = sourcecode.swift; path = Adapter.swift; sourceTree = "<group>"; };
		9CFB24071E3C45B50033EC43 /* Result.swift */ = {isa = PBXFileReference; fileEncoding = 4; lastKnownFileType = sourcecode.swift; path = Result.swift; sourceTree = "<group>"; };
		9CFB24091E3C46000033EC43 /* RealmObserver.swift */ = {isa = PBXFileReference; fileEncoding = 4; lastKnownFileType = sourcecode.swift; path = RealmObserver.swift; sourceTree = "<group>"; };
		9CFB240B1E3C462E0033EC43 /* RxRealm.swift */ = {isa = PBXFileReference; fileEncoding = 4; lastKnownFileType = sourcecode.swift; path = RxRealm.swift; sourceTree = "<group>"; };
		9CFB240D1E3C46890033EC43 /* MaterialView.swift */ = {isa = PBXFileReference; fileEncoding = 4; lastKnownFileType = sourcecode.swift; path = MaterialView.swift; sourceTree = "<group>"; };
		9CFB240F1E3C46C00033EC43 /* ContactApi.swift */ = {isa = PBXFileReference; fileEncoding = 4; lastKnownFileType = sourcecode.swift; path = ContactApi.swift; sourceTree = "<group>"; };
		9CFB24111E3C47240033EC43 /* ContactApiErrorHandler.swift */ = {isa = PBXFileReference; fileEncoding = 4; lastKnownFileType = sourcecode.swift; path = ContactApiErrorHandler.swift; sourceTree = "<group>"; };
		9CFB24131E3C479F0033EC43 /* SearchContactAdapter.swift */ = {isa = PBXFileReference; fileEncoding = 4; lastKnownFileType = sourcecode.swift; path = SearchContactAdapter.swift; sourceTree = "<group>"; };
		9CFB24151E3C48200033EC43 /* Contact.swift */ = {isa = PBXFileReference; fileEncoding = 4; lastKnownFileType = sourcecode.swift; path = Contact.swift; sourceTree = "<group>"; };
		9CFB24171E3C48C20033EC43 /* ContactAdapter.swift */ = {isa = PBXFileReference; fileEncoding = 4; lastKnownFileType = sourcecode.swift; path = ContactAdapter.swift; sourceTree = "<group>"; };
		9CFB241B1E3C4CC70033EC43 /* RealmContact.swift */ = {isa = PBXFileReference; fileEncoding = 4; lastKnownFileType = sourcecode.swift; path = RealmContact.swift; sourceTree = "<group>"; };
		9CFB241D1E3C4DC50033EC43 /* StorageController.swift */ = {isa = PBXFileReference; fileEncoding = 4; lastKnownFileType = sourcecode.swift; path = StorageController.swift; sourceTree = "<group>"; };
		9CFB241F1E3C4EA70033EC43 /* Storage.swift */ = {isa = PBXFileReference; fileEncoding = 4; lastKnownFileType = sourcecode.swift; path = Storage.swift; sourceTree = "<group>"; };
		9CFB24211E3C4EDF0033EC43 /* ApiClient.swift */ = {isa = PBXFileReference; fileEncoding = 4; lastKnownFileType = sourcecode.swift; path = ApiClient.swift; sourceTree = "<group>"; };
		9CFB24231E3C4F2D0033EC43 /* ContactClient.swift */ = {isa = PBXFileReference; fileEncoding = 4; lastKnownFileType = sourcecode.swift; path = ContactClient.swift; sourceTree = "<group>"; };
		9CFB24251E3C4F990033EC43 /* DataProvider.swift */ = {isa = PBXFileReference; fileEncoding = 4; lastKnownFileType = sourcecode.swift; path = DataProvider.swift; sourceTree = "<group>"; };
		9CFB24271E3C508D0033EC43 /* ContactViewModel.swift */ = {isa = PBXFileReference; fileEncoding = 4; lastKnownFileType = sourcecode.swift; path = ContactViewModel.swift; sourceTree = "<group>"; };
		9CFB24291E3C52C90033EC43 /* SearchResults.swift */ = {isa = PBXFileReference; fileEncoding = 4; lastKnownFileType = sourcecode.swift; path = SearchResults.swift; sourceTree = "<group>"; };
		9F2E5C587BAEBB1456C14205 /* Pods_RgaContactsApp.framework */ = {isa = PBXFileReference; explicitFileType = wrapper.framework; includeInIndex = 0; path = Pods_RgaContactsApp.framework; sourceTree = BUILT_PRODUCTS_DIR; };
/* End PBXFileReference section */

/* Begin PBXFrameworksBuildPhase section */
		9CFB23DE1E3C3E720033EC43 /* Frameworks */ = {
			isa = PBXFrameworksBuildPhase;
			buildActionMask = 2147483647;
			files = (
				20660F5FC4460E9D4E471B58 /* Pods_RgaContactsApp.framework in Frameworks */,
			);
			runOnlyForDeploymentPostprocessing = 0;
		};
/* End PBXFrameworksBuildPhase section */

/* Begin PBXGroup section */
		8E3B3A10EC3DCFB78B46A8CB /* Pods */ = {
			isa = PBXGroup;
			children = (
				4601AA237216881C45D8DE0D /* Pods-RgaContactsApp.debug.xcconfig */,
				3303DE18A93F736FC2813040 /* Pods-RgaContactsApp.release.xcconfig */,
			);
			name = Pods;
			sourceTree = "<group>";
		};
		9CFB23D81E3C3E720033EC43 = {
			isa = PBXGroup;
			children = (
				9CFB23E31E3C3E720033EC43 /* RgaContactsApp */,
				9CFB23E21E3C3E720033EC43 /* Products */,
				8E3B3A10EC3DCFB78B46A8CB /* Pods */,
				A634730459855F8FBE325206 /* Frameworks */,
			);
			sourceTree = "<group>";
		};
		9CFB23E21E3C3E720033EC43 /* Products */ = {
			isa = PBXGroup;
			children = (
				9CFB23E11E3C3E720033EC43 /* RgaContactsApp.app */,
			);
			name = Products;
			sourceTree = "<group>";
		};
		9CFB23E31E3C3E720033EC43 /* RgaContactsApp */ = {
			isa = PBXGroup;
			children = (
				9CFB23F61E3C3F890033EC43 /* Appearance */,
				9CFB23F71E3C3F890033EC43 /* Bootstrap */,
				9CFB23F81E3C3F890033EC43 /* Controllers */,
				9CFB23F91E3C3F890033EC43 /* Core */,
				9CFB24021E3C3F890033EC43 /* Resources */,
				9CFB24031E3C3F890033EC43 /* ViewModel */,
				9CFB24041E3C3F890033EC43 /* Views */,
			);
			path = RgaContactsApp;
			sourceTree = "<group>";
		};
		9CFB23F61E3C3F890033EC43 /* Appearance */ = {
			isa = PBXGroup;
			children = (
				9C5024C71E3D93EB00D338A1 /* Appearance.swift */,
			);
			path = Appearance;
			sourceTree = "<group>";
		};
		9CFB23F71E3C3F890033EC43 /* Bootstrap */ = {
			isa = PBXGroup;
			children = (
				9CFB23E41E3C3E720033EC43 /* AppDelegate.swift */,
				9C5024C51E3D8B6300D338A1 /* AppRouter.swift */,
			);
			path = Bootstrap;
			sourceTree = "<group>";
		};
		9CFB23F81E3C3F890033EC43 /* Controllers */ = {
			isa = PBXGroup;
			children = (
				9C5024BB1E3D862F00D338A1 /* ContactsTableViewController.swift */,
			);
			path = Controllers;
			sourceTree = "<group>";
		};
		9CFB23F91E3C3F890033EC43 /* Core */ = {
			isa = PBXGroup;
			children = (
				9CFB23FA1E3C3F890033EC43 /* Adapters */,
				9CFB23FB1E3C3F890033EC43 /* DataProvider */,
				9CFB23FD1E3C3F890033EC43 /* Models */,
				9CFB23FE1E3C3F890033EC43 /* Networking */,
				9CFB23FF1E3C3F890033EC43 /* Realm+Rx */,
				9CFB24001E3C3F890033EC43 /* Storage */,
			);
			path = Core;
			sourceTree = "<group>";
		};
		9CFB23FA1E3C3F890033EC43 /* Adapters */ = {
			isa = PBXGroup;
			children = (
				9CFB24051E3C45790033EC43 /* Adapter.swift */,
				9CFB24131E3C479F0033EC43 /* SearchContactAdapter.swift */,
				9CFB24171E3C48C20033EC43 /* ContactAdapter.swift */,
			);
			path = Adapters;
			sourceTree = "<group>";
		};
		9CFB23FB1E3C3F890033EC43 /* DataProvider */ = {
			isa = PBXGroup;
			children = (
				9CFB23FC1E3C3F890033EC43 /* Protocols */,
				9CFB24251E3C4F990033EC43 /* DataProvider.swift */,
			);
			path = DataProvider;
			sourceTree = "<group>";
		};
		9CFB23FC1E3C3F890033EC43 /* Protocols */ = {
			isa = PBXGroup;
			children = (
				9CFB241F1E3C4EA70033EC43 /* Storage.swift */,
				9CFB24211E3C4EDF0033EC43 /* ApiClient.swift */,
			);
			path = Protocols;
			sourceTree = "<group>";
		};
		9CFB23FD1E3C3F890033EC43 /* Models */ = {
			isa = PBXGroup;
			children = (
				9CFB24071E3C45B50033EC43 /* Result.swift */,
				9CFB24151E3C48200033EC43 /* Contact.swift */,
				9CFB24291E3C52C90033EC43 /* SearchResults.swift */,
			);
			path = Models;
			sourceTree = "<group>";
		};
		9CFB23FE1E3C3F890033EC43 /* Networking */ = {
			isa = PBXGroup;
			children = (
				9CFB240F1E3C46C00033EC43 /* ContactApi.swift */,
				9CFB24111E3C47240033EC43 /* ContactApiErrorHandler.swift */,
				9CFB24231E3C4F2D0033EC43 /* ContactClient.swift */,
			);
			path = Networking;
			sourceTree = "<group>";
		};
		9CFB23FF1E3C3F890033EC43 /* Realm+Rx */ = {
			isa = PBXGroup;
			children = (
				9CFB24091E3C46000033EC43 /* RealmObserver.swift */,
				9CFB240B1E3C462E0033EC43 /* RxRealm.swift */,
			);
			path = "Realm+Rx";
			sourceTree = "<group>";
		};
		9CFB24001E3C3F890033EC43 /* Storage */ = {
			isa = PBXGroup;
			children = (
				9CFB24011E3C3F890033EC43 /* RealmObjects */,
				9CFB241D1E3C4DC50033EC43 /* StorageController.swift */,
			);
			path = Storage;
			sourceTree = "<group>";
		};
		9CFB24011E3C3F890033EC43 /* RealmObjects */ = {
			isa = PBXGroup;
			children = (
				9CFB241B1E3C4CC70033EC43 /* RealmContact.swift */,
			);
			path = RealmObjects;
			sourceTree = "<group>";
		};
		9CFB24021E3C3F890033EC43 /* Resources */ = {
			isa = PBXGroup;
			children = (
				9CFB23EB1E3C3E720033EC43 /* Assets.xcassets */,
				9CFB23ED1E3C3E720033EC43 /* LaunchScreen.storyboard */,
				9CFB23F01E3C3E720033EC43 /* Info.plist */,
			);
			path = Resources;
			sourceTree = "<group>";
		};
		9CFB24031E3C3F890033EC43 /* ViewModel */ = {
			isa = PBXGroup;
			children = (
				9CFB24271E3C508D0033EC43 /* ContactViewModel.swift */,
			);
			path = ViewModel;
			sourceTree = "<group>";
		};
		9CFB24041E3C3F890033EC43 /* Views */ = {
			isa = PBXGroup;
			children = (
				9CFB240D1E3C46890033EC43 /* MaterialView.swift */,
				9C5024BD1E3D864400D338A1 /* ContactTableViewCell.swift */,
				9C5024C11E3D868300D338A1 /* ContactTableViewCell.xib */,
				9C5024C31E3D8AC900D338A1 /* UITableView+Diff.swift */,
			);
			path = Views;
			sourceTree = "<group>";
		};
		A634730459855F8FBE325206 /* Frameworks */ = {
			isa = PBXGroup;
			children = (
				9F2E5C587BAEBB1456C14205 /* Pods_RgaContactsApp.framework */,
			);
			name = Frameworks;
			sourceTree = "<group>";
		};
/* End PBXGroup section */

/* Begin PBXNativeTarget section */
		9CFB23E01E3C3E720033EC43 /* RgaContactsApp */ = {
			isa = PBXNativeTarget;
			buildConfigurationList = 9CFB23F31E3C3E720033EC43 /* Build configuration list for PBXNativeTarget "RgaContactsApp" */;
			buildPhases = (
				43E985852F97846627AEA2C6 /* [CP] Check Pods Manifest.lock */,
				9CFB23DD1E3C3E720033EC43 /* Sources */,
				9CFB23DE1E3C3E720033EC43 /* Frameworks */,
				9CFB23DF1E3C3E720033EC43 /* Resources */,
				641969238B8C43DAA05DDA55 /* [CP] Embed Pods Frameworks */,
				1BB19C9A8164189112B0B67C /* [CP] Copy Pods Resources */,
			);
			buildRules = (
			);
			dependencies = (
			);
			name = RgaContactsApp;
			productName = RgaContactsApp;
			productReference = 9CFB23E11E3C3E720033EC43 /* RgaContactsApp.app */;
			productType = "com.apple.product-type.application";
		};
/* End PBXNativeTarget section */

/* Begin PBXProject section */
		9CFB23D91E3C3E720033EC43 /* Project object */ = {
			isa = PBXProject;
			attributes = {
				LastSwiftUpdateCheck = 0820;
				LastUpgradeCheck = 0820;
				ORGANIZATIONNAME = "Rafael Nicoleti";
				TargetAttributes = {
					9CFB23E01E3C3E720033EC43 = {
						CreatedOnToolsVersion = 8.2.1;
						DevelopmentTeam = 89J6DNEM9C;
						ProvisioningStyle = Automatic;
					};
				};
			};
			buildConfigurationList = 9CFB23DC1E3C3E720033EC43 /* Build configuration list for PBXProject "RgaContactsApp" */;
			compatibilityVersion = "Xcode 3.2";
			developmentRegion = English;
			hasScannedForEncodings = 0;
			knownRegions = (
				en,
				Base,
			);
			mainGroup = 9CFB23D81E3C3E720033EC43;
			productRefGroup = 9CFB23E21E3C3E720033EC43 /* Products */;
			projectDirPath = "";
			projectRoot = "";
			targets = (
				9CFB23E01E3C3E720033EC43 /* RgaContactsApp */,
			);
		};
/* End PBXProject section */

/* Begin PBXResourcesBuildPhase section */
		9CFB23DF1E3C3E720033EC43 /* Resources */ = {
			isa = PBXResourcesBuildPhase;
			buildActionMask = 2147483647;
			files = (
				9C5024C21E3D868300D338A1 /* ContactTableViewCell.xib in Resources */,
				9CFB23EF1E3C3E720033EC43 /* LaunchScreen.storyboard in Resources */,
				9CFB23EC1E3C3E720033EC43 /* Assets.xcassets in Resources */,
			);
			runOnlyForDeploymentPostprocessing = 0;
		};
/* End PBXResourcesBuildPhase section */

/* Begin PBXShellScriptBuildPhase section */
		1BB19C9A8164189112B0B67C /* [CP] Copy Pods Resources */ = {
			isa = PBXShellScriptBuildPhase;
			buildActionMask = 2147483647;
			files = (
			);
			inputPaths = (
			);
			name = "[CP] Copy Pods Resources";
			outputPaths = (
			);
			runOnlyForDeploymentPostprocessing = 0;
			shellPath = /bin/sh;
			shellScript = "\"${SRCROOT}/Pods/Target Support Files/Pods-RgaContactsApp/Pods-RgaContactsApp-resources.sh\"\n";
			showEnvVarsInLog = 0;
		};
		43E985852F97846627AEA2C6 /* [CP] Check Pods Manifest.lock */ = {
			isa = PBXShellScriptBuildPhase;
			buildActionMask = 2147483647;
			files = (
			);
			inputPaths = (
			);
			name = "[CP] Check Pods Manifest.lock";
			outputPaths = (
			);
			runOnlyForDeploymentPostprocessing = 0;
			shellPath = /bin/sh;
			shellScript = "diff \"${PODS_ROOT}/../Podfile.lock\" \"${PODS_ROOT}/Manifest.lock\" > /dev/null\nif [ $? != 0 ] ; then\n    # print error to STDERR\n    echo \"error: The sandbox is not in sync with the Podfile.lock. Run 'pod install' or update your CocoaPods installation.\" >&2\n    exit 1\nfi\n";
			showEnvVarsInLog = 0;
		};
		641969238B8C43DAA05DDA55 /* [CP] Embed Pods Frameworks */ = {
			isa = PBXShellScriptBuildPhase;
			buildActionMask = 2147483647;
			files = (
			);
			inputPaths = (
			);
			name = "[CP] Embed Pods Frameworks";
			outputPaths = (
			);
			runOnlyForDeploymentPostprocessing = 0;
			shellPath = /bin/sh;
			shellScript = "\"${SRCROOT}/Pods/Target Support Files/Pods-RgaContactsApp/Pods-RgaContactsApp-frameworks.sh\"\n";
			showEnvVarsInLog = 0;
		};
/* End PBXShellScriptBuildPhase section */

/* Begin PBXSourcesBuildPhase section */
		9CFB23DD1E3C3E720033EC43 /* Sources */ = {
			isa = PBXSourcesBuildPhase;
			buildActionMask = 2147483647;
			files = (
				9CFB24081E3C45B50033EC43 /* Result.swift in Sources */,
				9CFB24201E3C4EA70033EC43 /* Storage.swift in Sources */,
				9C5024BE1E3D864400D338A1 /* ContactTableViewCell.swift in Sources */,
				9CFB24141E3C479F0033EC43 /* SearchContactAdapter.swift in Sources */,
				9CFB24161E3C48200033EC43 /* Contact.swift in Sources */,
				9CFB241E1E3C4DC50033EC43 /* StorageController.swift in Sources */,
				9CFB23E51E3C3E720033EC43 /* AppDelegate.swift in Sources */,
				9CFB24061E3C45790033EC43 /* Adapter.swift in Sources */,
				9CFB24281E3C508D0033EC43 /* ContactViewModel.swift in Sources */,
				9CFB24181E3C48C20033EC43 /* ContactAdapter.swift in Sources */,
				9CFB240E1E3C46890033EC43 /* MaterialView.swift in Sources */,
				9CFB24241E3C4F2D0033EC43 /* ContactClient.swift in Sources */,
				9CFB240A1E3C46000033EC43 /* RealmObserver.swift in Sources */,
				9CFB242A1E3C52C90033EC43 /* SearchResults.swift in Sources */,
				9CFB240C1E3C462E0033EC43 /* RxRealm.swift in Sources */,
				9C5024C41E3D8AC900D338A1 /* UITableView+Diff.swift in Sources */,
				9CFB24121E3C47240033EC43 /* ContactApiErrorHandler.swift in Sources */,
				9CFB24261E3C4F990033EC43 /* DataProvider.swift in Sources */,
				9CFB241C1E3C4CC70033EC43 /* RealmContact.swift in Sources */,
				9C5024C81E3D93EB00D338A1 /* Appearance.swift in Sources */,
				9C5024C61E3D8B6300D338A1 /* AppRouter.swift in Sources */,
				9CFB24101E3C46C00033EC43 /* ContactApi.swift in Sources */,
				9CFB24221E3C4EDF0033EC43 /* ApiClient.swift in Sources */,
				9C5024BC1E3D862F00D338A1 /* ContactsTableViewController.swift in Sources */,
			);
			runOnlyForDeploymentPostprocessing = 0;
		};
/* End PBXSourcesBuildPhase section */

/* Begin PBXVariantGroup section */
		9CFB23ED1E3C3E720033EC43 /* LaunchScreen.storyboard */ = {
			isa = PBXVariantGroup;
			children = (
				9CFB23EE1E3C3E720033EC43 /* Base */,
			);
			name = LaunchScreen.storyboard;
			path = ..;
			sourceTree = "<group>";
		};
/* End PBXVariantGroup section */

/* Begin XCBuildConfiguration section */
		9CFB23F11E3C3E720033EC43 /* Debug */ = {
			isa = XCBuildConfiguration;
			buildSettings = {
				ALWAYS_SEARCH_USER_PATHS = NO;
				CLANG_ANALYZER_NONNULL = YES;
				CLANG_CXX_LANGUAGE_STANDARD = "gnu++0x";
				CLANG_CXX_LIBRARY = "libc++";
				CLANG_ENABLE_MODULES = YES;
				CLANG_ENABLE_OBJC_ARC = YES;
				CLANG_WARN_BOOL_CONVERSION = YES;
				CLANG_WARN_CONSTANT_CONVERSION = YES;
				CLANG_WARN_DIRECT_OBJC_ISA_USAGE = YES_ERROR;
				CLANG_WARN_DOCUMENTATION_COMMENTS = YES;
				CLANG_WARN_EMPTY_BODY = YES;
				CLANG_WARN_ENUM_CONVERSION = YES;
				CLANG_WARN_INFINITE_RECURSION = YES;
				CLANG_WARN_INT_CONVERSION = YES;
				CLANG_WARN_OBJC_ROOT_CLASS = YES_ERROR;
				CLANG_WARN_SUSPICIOUS_MOVE = YES;
				CLANG_WARN_UNREACHABLE_CODE = YES;
				CLANG_WARN__DUPLICATE_METHOD_MATCH = YES;
				"CODE_SIGN_IDENTITY[sdk=iphoneos*]" = "iPhone Developer";
				COPY_PHASE_STRIP = NO;
				DEBUG_INFORMATION_FORMAT = dwarf;
				ENABLE_STRICT_OBJC_MSGSEND = YES;
				ENABLE_TESTABILITY = YES;
				GCC_C_LANGUAGE_STANDARD = gnu99;
				GCC_DYNAMIC_NO_PIC = NO;
				GCC_NO_COMMON_BLOCKS = YES;
				GCC_OPTIMIZATION_LEVEL = 0;
				GCC_PREPROCESSOR_DEFINITIONS = (
					"DEBUG=1",
					"$(inherited)",
				);
				GCC_WARN_64_TO_32_BIT_CONVERSION = YES;
				GCC_WARN_ABOUT_RETURN_TYPE = YES_ERROR;
				GCC_WARN_UNDECLARED_SELECTOR = YES;
				GCC_WARN_UNINITIALIZED_AUTOS = YES_AGGRESSIVE;
				GCC_WARN_UNUSED_FUNCTION = YES;
				GCC_WARN_UNUSED_VARIABLE = YES;
				IPHONEOS_DEPLOYMENT_TARGET = 10.2;
				MTL_ENABLE_DEBUG_INFO = YES;
				ONLY_ACTIVE_ARCH = YES;
				SDKROOT = iphoneos;
				SWIFT_ACTIVE_COMPILATION_CONDITIONS = DEBUG;
				SWIFT_OPTIMIZATION_LEVEL = "-Onone";
			};
			name = Debug;
		};
		9CFB23F21E3C3E720033EC43 /* Release */ = {
			isa = XCBuildConfiguration;
			buildSettings = {
				ALWAYS_SEARCH_USER_PATHS = NO;
				CLANG_ANALYZER_NONNULL = YES;
				CLANG_CXX_LANGUAGE_STANDARD = "gnu++0x";
				CLANG_CXX_LIBRARY = "libc++";
				CLANG_ENABLE_MODULES = YES;
				CLANG_ENABLE_OBJC_ARC = YES;
				CLANG_WARN_BOOL_CONVERSION = YES;
				CLANG_WARN_CONSTANT_CONVERSION = YES;
				CLANG_WARN_DIRECT_OBJC_ISA_USAGE = YES_ERROR;
				CLANG_WARN_DOCUMENTATION_COMMENTS = YES;
				CLANG_WARN_EMPTY_BODY = YES;
				CLANG_WARN_ENUM_CONVERSION = YES;
				CLANG_WARN_INFINITE_RECURSION = YES;
				CLANG_WARN_INT_CONVERSION = YES;
				CLANG_WARN_OBJC_ROOT_CLASS = YES_ERROR;
				CLANG_WARN_SUSPICIOUS_MOVE = YES;
				CLANG_WARN_UNREACHABLE_CODE = YES;
				CLANG_WARN__DUPLICATE_METHOD_MATCH = YES;
				"CODE_SIGN_IDENTITY[sdk=iphoneos*]" = "iPhone Developer";
				COPY_PHASE_STRIP = NO;
				DEBUG_INFORMATION_FORMAT = "dwarf-with-dsym";
				ENABLE_NS_ASSERTIONS = NO;
				ENABLE_STRICT_OBJC_MSGSEND = YES;
				GCC_C_LANGUAGE_STANDARD = gnu99;
				GCC_NO_COMMON_BLOCKS = YES;
				GCC_WARN_64_TO_32_BIT_CONVERSION = YES;
				GCC_WARN_ABOUT_RETURN_TYPE = YES_ERROR;
				GCC_WARN_UNDECLARED_SELECTOR = YES;
				GCC_WARN_UNINITIALIZED_AUTOS = YES_AGGRESSIVE;
				GCC_WARN_UNUSED_FUNCTION = YES;
				GCC_WARN_UNUSED_VARIABLE = YES;
				IPHONEOS_DEPLOYMENT_TARGET = 10.2;
				MTL_ENABLE_DEBUG_INFO = NO;
				SDKROOT = iphoneos;
				SWIFT_OPTIMIZATION_LEVEL = "-Owholemodule";
				VALIDATE_PRODUCT = YES;
			};
			name = Release;
		};
		9CFB23F41E3C3E720033EC43 /* Debug */ = {
			isa = XCBuildConfiguration;
			baseConfigurationReference = 4601AA237216881C45D8DE0D /* Pods-RgaContactsApp.debug.xcconfig */;
			buildSettings = {
				ASSETCATALOG_COMPILER_APPICON_NAME = AppIcon;
				DEVELOPMENT_TEAM = 89J6DNEM9C;
				INFOPLIST_FILE = RgaContactsApp/Info.plist;
				LD_RUNPATH_SEARCH_PATHS = "$(inherited) @executable_path/Frameworks";
				PRODUCT_BUNDLE_IDENTIFIER = rafaelnicoleti.RgaContactsApp;
				PRODUCT_NAME = "$(TARGET_NAME)";
				SWIFT_VERSION = 3.0;
			};
			name = Debug;
		};
		9CFB23F51E3C3E720033EC43 /* Release */ = {
			isa = XCBuildConfiguration;
			baseConfigurationReference = 3303DE18A93F736FC2813040 /* Pods-RgaContactsApp.release.xcconfig */;
			buildSettings = {
				ASSETCATALOG_COMPILER_APPICON_NAME = AppIcon;
				DEVELOPMENT_TEAM = 89J6DNEM9C;
				INFOPLIST_FILE = RgaContactsApp/Info.plist;
				LD_RUNPATH_SEARCH_PATHS = "$(inherited) @executable_path/Frameworks";
				PRODUCT_BUNDLE_IDENTIFIER = rafaelnicoleti.RgaContactsApp;
				PRODUCT_NAME = "$(TARGET_NAME)";
				SWIFT_VERSION = 3.0;
			};
			name = Release;
		};
/* End XCBuildConfiguration section */

/* Begin XCConfigurationList section */
		9CFB23DC1E3C3E720033EC43 /* Build configuration list for PBXProject "RgaContactsApp" */ = {
			isa = XCConfigurationList;
			buildConfigurations = (
				9CFB23F11E3C3E720033EC43 /* Debug */,
				9CFB23F21E3C3E720033EC43 /* Release */,
			);
			defaultConfigurationIsVisible = 0;
			defaultConfigurationName = Release;
		};
		9CFB23F31E3C3E720033EC43 /* Build configuration list for PBXNativeTarget "RgaContactsApp" */ = {
			isa = XCConfigurationList;
			buildConfigurations = (
				9CFB23F41E3C3E720033EC43 /* Debug */,
				9CFB23F51E3C3E720033EC43 /* Release */,
			);
			defaultConfigurationIsVisible = 0;
			defaultConfigurationName = Release;
		};
/* End XCConfigurationList section */
	};
	rootObject = 9CFB23D91E3C3E720033EC43 /* Project object */;
}
